// !$*UTF8*$!
{
	archiveVersion = 1;
	classes = {
	};
	objectVersion = 56;
	objects = {

/* Begin PBXBuildFile section */
		B1BA00A929BAF83B0022BFBB /* AppDelegate.swift in Sources */ = {isa = PBXBuildFile; fileRef = B1BA00A829BAF83B0022BFBB /* AppDelegate.swift */; };
		B1BA00AB29BAF83B0022BFBB /* SceneDelegate.swift in Sources */ = {isa = PBXBuildFile; fileRef = B1BA00AA29BAF83B0022BFBB /* SceneDelegate.swift */; };
		B1BA00AD29BAF83B0022BFBB /* ViewController.swift in Sources */ = {isa = PBXBuildFile; fileRef = B1BA00AC29BAF83B0022BFBB /* ViewController.swift */; };
		B1BA00B029BAF83B0022BFBB /* Main.storyboard in Resources */ = {isa = PBXBuildFile; fileRef = B1BA00AE29BAF83B0022BFBB /* Main.storyboard */; };
		B1BA00B329BAF83B0022BFBB /* PasteboardSample.xcdatamodeld in Sources */ = {isa = PBXBuildFile; fileRef = B1BA00B129BAF83B0022BFBB /* PasteboardSample.xcdatamodeld */; };
		B1BA00B529BAF83C0022BFBB /* Assets.xcassets in Resources */ = {isa = PBXBuildFile; fileRef = B1BA00B429BAF83C0022BFBB /* Assets.xcassets */; };
		B1BA00B829BAF83C0022BFBB /* LaunchScreen.storyboard in Resources */ = {isa = PBXBuildFile; fileRef = B1BA00B629BAF83C0022BFBB /* LaunchScreen.storyboard */; };
		B1BA00C329BAF83C0022BFBB /* PasteboardSampleTests.swift in Sources */ = {isa = PBXBuildFile; fileRef = B1BA00C229BAF83C0022BFBB /* PasteboardSampleTests.swift */; };
		B1BA00CD29BAF83C0022BFBB /* PasteboardSampleUITests.swift in Sources */ = {isa = PBXBuildFile; fileRef = B1BA00CC29BAF83C0022BFBB /* PasteboardSampleUITests.swift */; };
		B1BA00CF29BAF83C0022BFBB /* PasteboardSampleUITestsLaunchTests.swift in Sources */ = {isa = PBXBuildFile; fileRef = B1BA00CE29BAF83C0022BFBB /* PasteboardSampleUITestsLaunchTests.swift */; };
/* End PBXBuildFile section */

/* Begin PBXContainerItemProxy section */
		B1BA00BF29BAF83C0022BFBB /* PBXContainerItemProxy */ = {
			isa = PBXContainerItemProxy;
			containerPortal = B1BA009D29BAF83B0022BFBB /* Project object */;
			proxyType = 1;
			remoteGlobalIDString = B1BA00A429BAF83B0022BFBB;
			remoteInfo = PasteboardSample;
		};
		B1BA00C929BAF83C0022BFBB /* PBXContainerItemProxy */ = {
			isa = PBXContainerItemProxy;
			containerPortal = B1BA009D29BAF83B0022BFBB /* Project object */;
			proxyType = 1;
			remoteGlobalIDString = B1BA00A429BAF83B0022BFBB;
			remoteInfo = PasteboardSample;
		};
/* End PBXContainerItemProxy section */

/* Begin PBXFileReference section */
		B1BA00A529BAF83B0022BFBB /* PasteboardSample.app */ = {isa = PBXFileReference; explicitFileType = wrapper.application; includeInIndex = 0; path = PasteboardSample.app; sourceTree = BUILT_PRODUCTS_DIR; };
		B1BA00A829BAF83B0022BFBB /* AppDelegate.swift */ = {isa = PBXFileReference; lastKnownFileType = sourcecode.swift; path = AppDelegate.swift; sourceTree = "<group>"; };
		B1BA00AA29BAF83B0022BFBB /* SceneDelegate.swift */ = {isa = PBXFileReference; lastKnownFileType = sourcecode.swift; path = SceneDelegate.swift; sourceTree = "<group>"; };
		B1BA00AC29BAF83B0022BFBB /* ViewController.swift */ = {isa = PBXFileReference; lastKnownFileType = sourcecode.swift; path = ViewController.swift; sourceTree = "<group>"; };
		B1BA00AF29BAF83B0022BFBB /* Base */ = {isa = PBXFileReference; lastKnownFileType = file.storyboard; name = Base; path = Base.lproj/Main.storyboard; sourceTree = "<group>"; };
		B1BA00B229BAF83B0022BFBB /* PasteboardSample.xcdatamodel */ = {isa = PBXFileReference; lastKnownFileType = wrapper.xcdatamodel; path = PasteboardSample.xcdatamodel; sourceTree = "<group>"; };
		B1BA00B429BAF83C0022BFBB /* Assets.xcassets */ = {isa = PBXFileReference; lastKnownFileType = folder.assetcatalog; path = Assets.xcassets; sourceTree = "<group>"; };
		B1BA00B729BAF83C0022BFBB /* Base */ = {isa = PBXFileReference; lastKnownFileType = file.storyboard; name = Base; path = Base.lproj/LaunchScreen.storyboard; sourceTree = "<group>"; };
		B1BA00B929BAF83C0022BFBB /* Info.plist */ = {isa = PBXFileReference; lastKnownFileType = text.plist.xml; path = Info.plist; sourceTree = "<group>"; };
		B1BA00BE29BAF83C0022BFBB /* PasteboardSampleTests.xctest */ = {isa = PBXFileReference; explicitFileType = wrapper.cfbundle; includeInIndex = 0; path = PasteboardSampleTests.xctest; sourceTree = BUILT_PRODUCTS_DIR; };
		B1BA00C229BAF83C0022BFBB /* PasteboardSampleTests.swift */ = {isa = PBXFileReference; lastKnownFileType = sourcecode.swift; path = PasteboardSampleTests.swift; sourceTree = "<group>"; };
		B1BA00C829BAF83C0022BFBB /* PasteboardSampleUITests.xctest */ = {isa = PBXFileReference; explicitFileType = wrapper.cfbundle; includeInIndex = 0; path = PasteboardSampleUITests.xctest; sourceTree = BUILT_PRODUCTS_DIR; };
		B1BA00CC29BAF83C0022BFBB /* PasteboardSampleUITests.swift */ = {isa = PBXFileReference; lastKnownFileType = sourcecode.swift; path = PasteboardSampleUITests.swift; sourceTree = "<group>"; };
		B1BA00CE29BAF83C0022BFBB /* PasteboardSampleUITestsLaunchTests.swift */ = {isa = PBXFileReference; lastKnownFileType = sourcecode.swift; path = PasteboardSampleUITestsLaunchTests.swift; sourceTree = "<group>"; };
/* End PBXFileReference section */

/* Begin PBXFrameworksBuildPhase section */
		B1BA00A229BAF83B0022BFBB /* Frameworks */ = {
			isa = PBXFrameworksBuildPhase;
			buildActionMask = 2147483647;
			files = (
			);
			runOnlyForDeploymentPostprocessing = 0;
		};
		B1BA00BB29BAF83C0022BFBB /* Frameworks */ = {
			isa = PBXFrameworksBuildPhase;
			buildActionMask = 2147483647;
			files = (
			);
			runOnlyForDeploymentPostprocessing = 0;
		};
		B1BA00C529BAF83C0022BFBB /* Frameworks */ = {
			isa = PBXFrameworksBuildPhase;
			buildActionMask = 2147483647;
			files = (
			);
			runOnlyForDeploymentPostprocessing = 0;
		};
/* End PBXFrameworksBuildPhase section */

/* Begin PBXGroup section */
		B1BA009C29BAF83B0022BFBB = {
			isa = PBXGroup;
			children = (
				B1BA00A729BAF83B0022BFBB /* PasteboardSample */,
				B1BA00C129BAF83C0022BFBB /* PasteboardSampleTests */,
				B1BA00CB29BAF83C0022BFBB /* PasteboardSampleUITests */,
				B1BA00A629BAF83B0022BFBB /* Products */,
			);
			sourceTree = "<group>";
		};
		B1BA00A629BAF83B0022BFBB /* Products */ = {
			isa = PBXGroup;
			children = (
				B1BA00A529BAF83B0022BFBB /* PasteboardSample.app */,
				B1BA00BE29BAF83C0022BFBB /* PasteboardSampleTests.xctest */,
				B1BA00C829BAF83C0022BFBB /* PasteboardSampleUITests.xctest */,
			);
			name = Products;
			sourceTree = "<group>";
		};
		B1BA00A729BAF83B0022BFBB /* PasteboardSample */ = {
			isa = PBXGroup;
			children = (
				B1BA00A829BAF83B0022BFBB /* AppDelegate.swift */,
				B1BA00AA29BAF83B0022BFBB /* SceneDelegate.swift */,
				B1BA00AC29BAF83B0022BFBB /* ViewController.swift */,
				B1BA00AE29BAF83B0022BFBB /* Main.storyboard */,
				B1BA00B429BAF83C0022BFBB /* Assets.xcassets */,
				B1BA00B629BAF83C0022BFBB /* LaunchScreen.storyboard */,
				B1BA00B929BAF83C0022BFBB /* Info.plist */,
				B1BA00B129BAF83B0022BFBB /* PasteboardSample.xcdatamodeld */,
			);
			path = PasteboardSample;
			sourceTree = "<group>";
		};
		B1BA00C129BAF83C0022BFBB /* PasteboardSampleTests */ = {
			isa = PBXGroup;
			children = (
				B1BA00C229BAF83C0022BFBB /* PasteboardSampleTests.swift */,
			);
			path = PasteboardSampleTests;
			sourceTree = "<group>";
		};
		B1BA00CB29BAF83C0022BFBB /* PasteboardSampleUITests */ = {
			isa = PBXGroup;
			children = (
				B1BA00CC29BAF83C0022BFBB /* PasteboardSampleUITests.swift */,
				B1BA00CE29BAF83C0022BFBB /* PasteboardSampleUITestsLaunchTests.swift */,
			);
			path = PasteboardSampleUITests;
			sourceTree = "<group>";
		};
/* End PBXGroup section */

/* Begin PBXNativeTarget section */
		B1BA00A429BAF83B0022BFBB /* PasteboardSample */ = {
			isa = PBXNativeTarget;
			buildConfigurationList = B1BA00D229BAF83C0022BFBB /* Build configuration list for PBXNativeTarget "PasteboardSample" */;
			buildPhases = (
				B1BA00A129BAF83B0022BFBB /* Sources */,
				B1BA00A229BAF83B0022BFBB /* Frameworks */,
				B1BA00A329BAF83B0022BFBB /* Resources */,
			);
			buildRules = (
			);
			dependencies = (
			);
			name = PasteboardSample;
			productName = PasteboardSample;
			productReference = B1BA00A529BAF83B0022BFBB /* PasteboardSample.app */;
			productType = "com.apple.product-type.application";
		};
		B1BA00BD29BAF83C0022BFBB /* PasteboardSampleTests */ = {
			isa = PBXNativeTarget;
			buildConfigurationList = B1BA00D529BAF83C0022BFBB /* Build configuration list for PBXNativeTarget "PasteboardSampleTests" */;
			buildPhases = (
				B1BA00BA29BAF83C0022BFBB /* Sources */,
				B1BA00BB29BAF83C0022BFBB /* Frameworks */,
				B1BA00BC29BAF83C0022BFBB /* Resources */,
			);
			buildRules = (
			);
			dependencies = (
				B1BA00C029BAF83C0022BFBB /* PBXTargetDependency */,
			);
			name = PasteboardSampleTests;
			productName = PasteboardSampleTests;
			productReference = B1BA00BE29BAF83C0022BFBB /* PasteboardSampleTests.xctest */;
			productType = "com.apple.product-type.bundle.unit-test";
		};
		B1BA00C729BAF83C0022BFBB /* PasteboardSampleUITests */ = {
			isa = PBXNativeTarget;
			buildConfigurationList = B1BA00D829BAF83C0022BFBB /* Build configuration list for PBXNativeTarget "PasteboardSampleUITests" */;
			buildPhases = (
				B1BA00C429BAF83C0022BFBB /* Sources */,
				B1BA00C529BAF83C0022BFBB /* Frameworks */,
				B1BA00C629BAF83C0022BFBB /* Resources */,
			);
			buildRules = (
			);
			dependencies = (
				B1BA00CA29BAF83C0022BFBB /* PBXTargetDependency */,
			);
			name = PasteboardSampleUITests;
			productName = PasteboardSampleUITests;
			productReference = B1BA00C829BAF83C0022BFBB /* PasteboardSampleUITests.xctest */;
			productType = "com.apple.product-type.bundle.ui-testing";
		};
/* End PBXNativeTarget section */

/* Begin PBXProject section */
		B1BA009D29BAF83B0022BFBB /* Project object */ = {
			isa = PBXProject;
			attributes = {
				BuildIndependentTargetsInParallel = 1;
				LastSwiftUpdateCheck = 1420;
				LastUpgradeCheck = 1420;
				TargetAttributes = {
					B1BA00A429BAF83B0022BFBB = {
						CreatedOnToolsVersion = 14.2;
					};
					B1BA00BD29BAF83C0022BFBB = {
						CreatedOnToolsVersion = 14.2;
						TestTargetID = B1BA00A429BAF83B0022BFBB;
					};
					B1BA00C729BAF83C0022BFBB = {
						CreatedOnToolsVersion = 14.2;
						TestTargetID = B1BA00A429BAF83B0022BFBB;
					};
				};
			};
			buildConfigurationList = B1BA00A029BAF83B0022BFBB /* Build configuration list for PBXProject "PasteboardSample" */;
			compatibilityVersion = "Xcode 14.0";
			developmentRegion = en;
			hasScannedForEncodings = 0;
			knownRegions = (
				en,
				Base,
			);
			mainGroup = B1BA009C29BAF83B0022BFBB;
			productRefGroup = B1BA00A629BAF83B0022BFBB /* Products */;
			projectDirPath = "";
			projectRoot = "";
			targets = (
				B1BA00A429BAF83B0022BFBB /* PasteboardSample */,
				B1BA00BD29BAF83C0022BFBB /* PasteboardSampleTests */,
				B1BA00C729BAF83C0022BFBB /* PasteboardSampleUITests */,
			);
		};
/* End PBXProject section */

/* Begin PBXResourcesBuildPhase section */
		B1BA00A329BAF83B0022BFBB /* Resources */ = {
			isa = PBXResourcesBuildPhase;
			buildActionMask = 2147483647;
			files = (
				B1BA00B829BAF83C0022BFBB /* LaunchScreen.storyboard in Resources */,
				B1BA00B529BAF83C0022BFBB /* Assets.xcassets in Resources */,
				B1BA00B029BAF83B0022BFBB /* Main.storyboard in Resources */,
			);
			runOnlyForDeploymentPostprocessing = 0;
		};
		B1BA00BC29BAF83C0022BFBB /* Resources */ = {
			isa = PBXResourcesBuildPhase;
			buildActionMask = 2147483647;
			files = (
			);
			runOnlyForDeploymentPostprocessing = 0;
		};
		B1BA00C629BAF83C0022BFBB /* Resources */ = {
			isa = PBXResourcesBuildPhase;
			buildActionMask = 2147483647;
			files = (
			);
			runOnlyForDeploymentPostprocessing = 0;
		};
/* End PBXResourcesBuildPhase section */

/* Begin PBXSourcesBuildPhase section */
		B1BA00A129BAF83B0022BFBB /* Sources */ = {
			isa = PBXSourcesBuildPhase;
			buildActionMask = 2147483647;
			files = (
				B1BA00B329BAF83B0022BFBB /* PasteboardSample.xcdatamodeld in Sources */,
				B1BA00AD29BAF83B0022BFBB /* ViewController.swift in Sources */,
				B1BA00A929BAF83B0022BFBB /* AppDelegate.swift in Sources */,
				B1BA00AB29BAF83B0022BFBB /* SceneDelegate.swift in Sources */,
			);
			runOnlyForDeploymentPostprocessing = 0;
		};
		B1BA00BA29BAF83C0022BFBB /* Sources */ = {
			isa = PBXSourcesBuildPhase;
			buildActionMask = 2147483647;
			files = (
				B1BA00C329BAF83C0022BFBB /* PasteboardSampleTests.swift in Sources */,
			);
			runOnlyForDeploymentPostprocessing = 0;
		};
		B1BA00C429BAF83C0022BFBB /* Sources */ = {
			isa = PBXSourcesBuildPhase;
			buildActionMask = 2147483647;
			files = (
				B1BA00CD29BAF83C0022BFBB /* PasteboardSampleUITests.swift in Sources */,
				B1BA00CF29BAF83C0022BFBB /* PasteboardSampleUITestsLaunchTests.swift in Sources */,
			);
			runOnlyForDeploymentPostprocessing = 0;
		};
/* End PBXSourcesBuildPhase section */

/* Begin PBXTargetDependency section */
		B1BA00C029BAF83C0022BFBB /* PBXTargetDependency */ = {
			isa = PBXTargetDependency;
			target = B1BA00A429BAF83B0022BFBB /* PasteboardSample */;
			targetProxy = B1BA00BF29BAF83C0022BFBB /* PBXContainerItemProxy */;
		};
		B1BA00CA29BAF83C0022BFBB /* PBXTargetDependency */ = {
			isa = PBXTargetDependency;
			target = B1BA00A429BAF83B0022BFBB /* PasteboardSample */;
			targetProxy = B1BA00C929BAF83C0022BFBB /* PBXContainerItemProxy */;
		};
/* End PBXTargetDependency section */

/* Begin PBXVariantGroup section */
		B1BA00AE29BAF83B0022BFBB /* Main.storyboard */ = {
			isa = PBXVariantGroup;
			children = (
				B1BA00AF29BAF83B0022BFBB /* Base */,
			);
			name = Main.storyboard;
			sourceTree = "<group>";
		};
		B1BA00B629BAF83C0022BFBB /* LaunchScreen.storyboard */ = {
			isa = PBXVariantGroup;
			children = (
				B1BA00B729BAF83C0022BFBB /* Base */,
			);
			name = LaunchScreen.storyboard;
			sourceTree = "<group>";
		};
/* End PBXVariantGroup section */

/* Begin XCBuildConfiguration section */
		B1BA00D029BAF83C0022BFBB /* Debug */ = {
			isa = XCBuildConfiguration;
			buildSettings = {
				ALWAYS_SEARCH_USER_PATHS = NO;
				CLANG_ANALYZER_NONNULL = YES;
				CLANG_ANALYZER_NUMBER_OBJECT_CONVERSION = YES_AGGRESSIVE;
				CLANG_CXX_LANGUAGE_STANDARD = "gnu++20";
				CLANG_ENABLE_MODULES = YES;
				CLANG_ENABLE_OBJC_ARC = YES;
				CLANG_ENABLE_OBJC_WEAK = YES;
				CLANG_WARN_BLOCK_CAPTURE_AUTORELEASING = YES;
				CLANG_WARN_BOOL_CONVERSION = YES;
				CLANG_WARN_COMMA = YES;
				CLANG_WARN_CONSTANT_CONVERSION = YES;
				CLANG_WARN_DEPRECATED_OBJC_IMPLEMENTATIONS = YES;
				CLANG_WARN_DIRECT_OBJC_ISA_USAGE = YES_ERROR;
				CLANG_WARN_DOCUMENTATION_COMMENTS = YES;
				CLANG_WARN_EMPTY_BODY = YES;
				CLANG_WARN_ENUM_CONVERSION = YES;
				CLANG_WARN_INFINITE_RECURSION = YES;
				CLANG_WARN_INT_CONVERSION = YES;
				CLANG_WARN_NON_LITERAL_NULL_CONVERSION = YES;
				CLANG_WARN_OBJC_IMPLICIT_RETAIN_SELF = YES;
				CLANG_WARN_OBJC_LITERAL_CONVERSION = YES;
				CLANG_WARN_OBJC_ROOT_CLASS = YES_ERROR;
				CLANG_WARN_QUOTED_INCLUDE_IN_FRAMEWORK_HEADER = YES;
				CLANG_WARN_RANGE_LOOP_ANALYSIS = YES;
				CLANG_WARN_STRICT_PROTOTYPES = YES;
				CLANG_WARN_SUSPICIOUS_MOVE = YES;
				CLANG_WARN_UNGUARDED_AVAILABILITY = YES_AGGRESSIVE;
				CLANG_WARN_UNREACHABLE_CODE = YES;
				CLANG_WARN__DUPLICATE_METHOD_MATCH = YES;
				COPY_PHASE_STRIP = NO;
				DEBUG_INFORMATION_FORMAT = dwarf;
				ENABLE_STRICT_OBJC_MSGSEND = YES;
				ENABLE_TESTABILITY = YES;
				GCC_C_LANGUAGE_STANDARD = gnu11;
				GCC_DYNAMIC_NO_PIC = NO;
				GCC_NO_COMMON_BLOCKS = YES;
				GCC_OPTIMIZATION_LEVEL = 0;
				GCC_PREPROCESSOR_DEFINITIONS = (
					"DEBUG=1",
					"$(inherited)",
				);
				GCC_WARN_64_TO_32_BIT_CONVERSION = YES;
				GCC_WARN_ABOUT_RETURN_TYPE = YES_ERROR;
				GCC_WARN_UNDECLARED_SELECTOR = YES;
				GCC_WARN_UNINITIALIZED_AUTOS = YES_AGGRESSIVE;
				GCC_WARN_UNUSED_FUNCTION = YES;
				GCC_WARN_UNUSED_VARIABLE = YES;
				IPHONEOS_DEPLOYMENT_TARGET = 16.2;
				MTL_ENABLE_DEBUG_INFO = INCLUDE_SOURCE;
				MTL_FAST_MATH = YES;
				ONLY_ACTIVE_ARCH = YES;
				SDKROOT = iphoneos;
				SWIFT_ACTIVE_COMPILATION_CONDITIONS = DEBUG;
				SWIFT_OPTIMIZATION_LEVEL = "-Onone";
			};
			name = Debug;
		};
		B1BA00D129BAF83C0022BFBB /* Release */ = {
			isa = XCBuildConfiguration;
			buildSettings = {
				ALWAYS_SEARCH_USER_PATHS = NO;
				CLANG_ANALYZER_NONNULL = YES;
				CLANG_ANALYZER_NUMBER_OBJECT_CONVERSION = YES_AGGRESSIVE;
				CLANG_CXX_LANGUAGE_STANDARD = "gnu++20";
				CLANG_ENABLE_MODULES = YES;
				CLANG_ENABLE_OBJC_ARC = YES;
				CLANG_ENABLE_OBJC_WEAK = YES;
				CLANG_WARN_BLOCK_CAPTURE_AUTORELEASING = YES;
				CLANG_WARN_BOOL_CONVERSION = YES;
				CLANG_WARN_COMMA = YES;
				CLANG_WARN_CONSTANT_CONVERSION = YES;
				CLANG_WARN_DEPRECATED_OBJC_IMPLEMENTATIONS = YES;
				CLANG_WARN_DIRECT_OBJC_ISA_USAGE = YES_ERROR;
				CLANG_WARN_DOCUMENTATION_COMMENTS = YES;
				CLANG_WARN_EMPTY_BODY = YES;
				CLANG_WARN_ENUM_CONVERSION = YES;
				CLANG_WARN_INFINITE_RECURSION = YES;
				CLANG_WARN_INT_CONVERSION = YES;
				CLANG_WARN_NON_LITERAL_NULL_CONVERSION = YES;
				CLANG_WARN_OBJC_IMPLICIT_RETAIN_SELF = YES;
				CLANG_WARN_OBJC_LITERAL_CONVERSION = YES;
				CLANG_WARN_OBJC_ROOT_CLASS = YES_ERROR;
				CLANG_WARN_QUOTED_INCLUDE_IN_FRAMEWORK_HEADER = YES;
				CLANG_WARN_RANGE_LOOP_ANALYSIS = YES;
				CLANG_WARN_STRICT_PROTOTYPES = YES;
				CLANG_WARN_SUSPICIOUS_MOVE = YES;
				CLANG_WARN_UNGUARDED_AVAILABILITY = YES_AGGRESSIVE;
				CLANG_WARN_UNREACHABLE_CODE = YES;
				CLANG_WARN__DUPLICATE_METHOD_MATCH = YES;
				COPY_PHASE_STRIP = NO;
				DEBUG_INFORMATION_FORMAT = "dwarf-with-dsym";
				ENABLE_NS_ASSERTIONS = NO;
				ENABLE_STRICT_OBJC_MSGSEND = YES;
				GCC_C_LANGUAGE_STANDARD = gnu11;
				GCC_NO_COMMON_BLOCKS = YES;
				GCC_WARN_64_TO_32_BIT_CONVERSION = YES;
				GCC_WARN_ABOUT_RETURN_TYPE = YES_ERROR;
				GCC_WARN_UNDECLARED_SELECTOR = YES;
				GCC_WARN_UNINITIALIZED_AUTOS = YES_AGGRESSIVE;
				GCC_WARN_UNUSED_FUNCTION = YES;
				GCC_WARN_UNUSED_VARIABLE = YES;
				IPHONEOS_DEPLOYMENT_TARGET = 16.2;
				MTL_ENABLE_DEBUG_INFO = NO;
				MTL_FAST_MATH = YES;
				SDKROOT = iphoneos;
				SWIFT_COMPILATION_MODE = wholemodule;
				SWIFT_OPTIMIZATION_LEVEL = "-O";
				VALIDATE_PRODUCT = YES;
			};
			name = Release;
		};
		B1BA00D329BAF83C0022BFBB /* Debug */ = {
			isa = XCBuildConfiguration;
			buildSettings = {
				ASSETCATALOG_COMPILER_APPICON_NAME = AppIcon;
				ASSETCATALOG_COMPILER_GLOBAL_ACCENT_COLOR_NAME = AccentColor;
				CODE_SIGN_STYLE = Automatic;
				CURRENT_PROJECT_VERSION = 1;
				DEVELOPMENT_TEAM = Y2LV7QFN9B;
				GENERATE_INFOPLIST_FILE = YES;
				INFOPLIST_FILE = PasteboardSample/Info.plist;
				INFOPLIST_KEY_UIApplicationSupportsIndirectInputEvents = YES;
				INFOPLIST_KEY_UILaunchStoryboardName = LaunchScreen;
				INFOPLIST_KEY_UIMainStoryboardFile = Main;
				INFOPLIST_KEY_UISupportedInterfaceOrientations_iPad = "UIInterfaceOrientationPortrait UIInterfaceOrientationPortraitUpsideDown UIInterfaceOrientationLandscapeLeft UIInterfaceOrientationLandscapeRight";
				INFOPLIST_KEY_UISupportedInterfaceOrientations_iPhone = "UIInterfaceOrientationPortrait UIInterfaceOrientationLandscapeLeft UIInterfaceOrientationLandscapeRight";
				LD_RUNPATH_SEARCH_PATHS = (
					"$(inherited)",
					"@executable_path/Frameworks",
				);
				MARKETING_VERSION = 1.0;
				PRODUCT_BUNDLE_IDENTIFIER = com.jhk.PasteboardSample;
				PRODUCT_NAME = "$(TARGET_NAME)";
				SWIFT_EMIT_LOC_STRINGS = YES;
				SWIFT_VERSION = 5.0;
				TARGETED_DEVICE_FAMILY = "1,2";
			};
			name = Debug;
		};
		B1BA00D429BAF83C0022BFBB /* Release */ = {
			isa = XCBuildConfiguration;
			buildSettings = {
				ASSETCATALOG_COMPILER_APPICON_NAME = AppIcon;
				ASSETCATALOG_COMPILER_GLOBAL_ACCENT_COLOR_NAME = AccentColor;
				CODE_SIGN_STYLE = Automatic;
				CURRENT_PROJECT_VERSION = 1;
				DEVELOPMENT_TEAM = Y2LV7QFN9B;
				GENERATE_INFOPLIST_FILE = YES;
				INFOPLIST_FILE = PasteboardSample/Info.plist;
				INFOPLIST_KEY_UIApplicationSupportsIndirectInputEvents = YES;
				INFOPLIST_KEY_UILaunchStoryboardName = LaunchScreen;
				INFOPLIST_KEY_UIMainStoryboardFile = Main;
				INFOPLIST_KEY_UISupportedInterfaceOrientations_iPad = "UIInterfaceOrientationPortrait UIInterfaceOrientationPortraitUpsideDown UIInterfaceOrientationLandscapeLeft UIInterfaceOrientationLandscapeRight";
				INFOPLIST_KEY_UISupportedInterfaceOrientations_iPhone = "UIInterfaceOrientationPortrait UIInterfaceOrientationLandscapeLeft UIInterfaceOrientationLandscapeRight";
				LD_RUNPATH_SEARCH_PATHS = (
					"$(inherited)",
					"@executable_path/Frameworks",
				);
				MARKETING_VERSION = 1.0;
				PRODUCT_BUNDLE_IDENTIFIER = com.jhk.PasteboardSample;
				PRODUCT_NAME = "$(TARGET_NAME)";
				SWIFT_EMIT_LOC_STRINGS = YES;
				SWIFT_VERSION = 5.0;
				TARGETED_DEVICE_FAMILY = "1,2";
			};
			name = Release;
		};
		B1BA00D629BAF83C0022BFBB /* Debug */ = {
			isa = XCBuildConfiguration;
			buildSettings = {
				ALWAYS_EMBED_SWIFT_STANDARD_LIBRARIES = YES;
				BUNDLE_LOADER = "$(TEST_HOST)";
				CODE_SIGN_STYLE = Automatic;
				CURRENT_PROJECT_VERSION = 1;
				DEVELOPMENT_TEAM = Y2LV7QFN9B;
				GENERATE_INFOPLIST_FILE = YES;
				IPHONEOS_DEPLOYMENT_TARGET = 16.2;
				MARKETING_VERSION = 1.0;
				PRODUCT_BUNDLE_IDENTIFIER = com.jhk.PasteboardSampleTests;
				PRODUCT_NAME = "$(TARGET_NAME)";
				SWIFT_EMIT_LOC_STRINGS = NO;
				SWIFT_VERSION = 5.0;
				TARGETED_DEVICE_FAMILY = "1,2";
				TEST_HOST = "$(BUILT_PRODUCTS_DIR)/PasteboardSample.app/$(BUNDLE_EXECUTABLE_FOLDER_PATH)/PasteboardSample";
			};
			name = Debug;
		};
		B1BA00D729BAF83C0022BFBB /* Release */ = {
			isa = XCBuildConfiguration;
			buildSettings = {
				ALWAYS_EMBED_SWIFT_STANDARD_LIBRARIES = YES;
				BUNDLE_LOADER = "$(TEST_HOST)";
				CODE_SIGN_STYLE = Automatic;
				CURRENT_PROJECT_VERSION = 1;
				DEVELOPMENT_TEAM = Y2LV7QFN9B;
				GENERATE_INFOPLIST_FILE = YES;
				IPHONEOS_DEPLOYMENT_TARGET = 16.2;
				MARKETING_VERSION = 1.0;
				PRODUCT_BUNDLE_IDENTIFIER = com.jhk.PasteboardSampleTests;
				PRODUCT_NAME = "$(TARGET_NAME)";
				SWIFT_EMIT_LOC_STRINGS = NO;
				SWIFT_VERSION = 5.0;
				TARGETED_DEVICE_FAMILY = "1,2";
				TEST_HOST = "$(BUILT_PRODUCTS_DIR)/PasteboardSample.app/$(BUNDLE_EXECUTABLE_FOLDER_PATH)/PasteboardSample";
			};
			name = Release;
		};
		B1BA00D929BAF83C0022BFBB /* Debug */ = {
			isa = XCBuildConfiguration;
			buildSettings = {
				ALWAYS_EMBED_SWIFT_STANDARD_LIBRARIES = YES;
				CODE_SIGN_STYLE = Automatic;
				CURRENT_PROJECT_VERSION = 1;
				DEVELOPMENT_TEAM = Y2LV7QFN9B;
				GENERATE_INFOPLIST_FILE = YES;
				MARKETING_VERSION = 1.0;
				PRODUCT_BUNDLE_IDENTIFIER = com.jhk.PasteboardSampleUITests;
				PRODUCT_NAME = "$(TARGET_NAME)";
				SWIFT_EMIT_LOC_STRINGS = NO;
				SWIFT_VERSION = 5.0;
				TARGETED_DEVICE_FAMILY = "1,2";
				TEST_TARGET_NAME = PasteboardSample;
			};
			name = Debug;
		};
		B1BA00DA29BAF83C0022BFBB /* Release */ = {
			isa = XCBuildConfiguration;
			buildSettings = {
				ALWAYS_EMBED_SWIFT_STANDARD_LIBRARIES = YES;
				CODE_SIGN_STYLE = Automatic;
				CURRENT_PROJECT_VERSION = 1;
				DEVELOPMENT_TEAM = Y2LV7QFN9B;
				GENERATE_INFOPLIST_FILE = YES;
				MARKETING_VERSION = 1.0;
				PRODUCT_BUNDLE_IDENTIFIER = com.jhk.PasteboardSampleUITests;
				PRODUCT_NAME = "$(TARGET_NAME)";
				SWIFT_EMIT_LOC_STRINGS = NO;
				SWIFT_VERSION = 5.0;
				TARGETED_DEVICE_FAMILY = "1,2";
				TEST_TARGET_NAME = PasteboardSample;
			};
			name = Release;
		};
/* End XCBuildConfiguration section */

/* Begin XCConfigurationList section */
		B1BA00A029BAF83B0022BFBB /* Build configuration list for PBXProject "PasteboardSample" */ = {
			isa = XCConfigurationList;
			buildConfigurations = (
				B1BA00D029BAF83C0022BFBB /* Debug */,
				B1BA00D129BAF83C0022BFBB /* Release */,
			);
			defaultConfigurationIsVisible = 0;
			defaultConfigurationName = Release;
		};
		B1BA00D229BAF83C0022BFBB /* Build configuration list for PBXNativeTarget "PasteboardSample" */ = {
			isa = XCConfigurationList;
			buildConfigurations = (
				B1BA00D329BAF83C0022BFBB /* Debug */,
				B1BA00D429BAF83C0022BFBB /* Release */,
			);
			defaultConfigurationIsVisible = 0;
			defaultConfigurationName = Release;
		};
		B1BA00D529BAF83C0022BFBB /* Build configuration list for PBXNativeTarget "PasteboardSampleTests" */ = {
			isa = XCConfigurationList;
			buildConfigurations = (
				B1BA00D629BAF83C0022BFBB /* Debug */,
				B1BA00D729BAF83C0022BFBB /* Release */,
			);
			defaultConfigurationIsVisible = 0;
			defaultConfigurationName = Release;
		};
		B1BA00D829BAF83C0022BFBB /* Build configuration list for PBXNativeTarget "PasteboardSampleUITests" */ = {
			isa = XCConfigurationList;
			buildConfigurations = (
				B1BA00D929BAF83C0022BFBB /* Debug */,
				B1BA00DA29BAF83C0022BFBB /* Release */,
			);
			defaultConfigurationIsVisible = 0;
			defaultConfigurationName = Release;
		};
/* End XCConfigurationList section */

/* Begin XCVersionGroup section */
		B1BA00B129BAF83B0022BFBB /* PasteboardSample.xcdatamodeld */ = {
			isa = XCVersionGroup;
			children = (
				B1BA00B229BAF83B0022BFBB /* PasteboardSample.xcdatamodel */,
			);
			currentVersion = B1BA00B229BAF83B0022BFBB /* PasteboardSample.xcdatamodel */;
			path = PasteboardSample.xcdatamodeld;
			sourceTree = "<group>";
			versionGroupType = wrapper.xcdatamodel;
		};
/* End XCVersionGroup section */
	};
	rootObject = B1BA009D29BAF83B0022BFBB /* Project object */;
}
